
Microsoft Visual Studio Solution File, Format Version 12.00
# Visual Studio Version 17
VisualStudioVersion = 17.4.33110.190
MinimumVisualStudioVersion = 10.0.40219.1
Project("{FAE04EC0-301F-11D3-BF4B-00C04F79EFBC}") = "Yoda", "Yoda\Yoda.csproj", "{B264685F-FAEC-48FD-8A48-D9DDC0B3EDB3}"
EndProject
Global
	GlobalSection(SolutionConfigurationPlatforms) = preSolution
		Debug|Any CPU = Debug|Any CPU
		Release|Any CPU = Release|Any CPU
	EndGlobalSection
	GlobalSection(ProjectConfigurationPlatforms) = postSolution
		{B264685F-FAEC-48FD-8A48-D9DDC0B3EDB3}.Debug|Any CPU.ActiveCfg = Debug|Any CPU
		{B264685F-FAEC-48FD-8A48-D9DDC0B3EDB3}.Debug|Any CPU.Build.0 = Debug|Any CPU
		{B264685F-FAEC-48FD-8A48-D9DDC0B3EDB3}.Release|Any CPU.ActiveCfg = Release|Any CPU
		{B264685F-FAEC-48FD-8A48-D9DDC0B3EDB3}.Release|Any CPU.Build.0 = Release|Any CPU
	EndGlobalSection
	GlobalSection(SolutionProperties) = preSolution
		HideSolutionNode = FALSE
	EndGlobalSection
	GlobalSection(ExtensibilityGlobals) = postSolution
		SolutionGuid = {3A581065-FF8D-4094-B888-AF422F88BE9A}
	EndGlobalSection
EndGlobal
